
Microsoft Visual Studio Solution File, Format Version 12.00
# Visual Studio 2013
VisualStudioVersion = 12.0.21005.1
MinimumVisualStudioVersion = 10.0.40219.1
Project("{FAE04EC0-301F-11D3-BF4B-00C04F79EFBC}") = "fromParsec2SQL", "fromParsec2SQL\fromParsec2SQL.csproj", "{76C3C538-44C8-4FE0-85F4-801F26A6C4F0}"
EndProject
Global
	GlobalSection(SolutionConfigurationPlatforms) = preSolution
		Debug|Any CPU = Debug|Any CPU
		Release|Any CPU = Release|Any CPU
	EndGlobalSection
	GlobalSection(ProjectConfigurationPlatforms) = postSolution
		{76C3C538-44C8-4FE0-85F4-801F26A6C4F0}.Debug|Any CPU.ActiveCfg = Debug|Any CPU
		{76C3C538-44C8-4FE0-85F4-801F26A6C4F0}.Debug|Any CPU.Build.0 = Debug|Any CPU
		{76C3C538-44C8-4FE0-85F4-801F26A6C4F0}.Release|Any CPU.ActiveCfg = Release|Any CPU
		{76C3C538-44C8-4FE0-85F4-801F26A6C4F0}.Release|Any CPU.Build.0 = Release|Any CPU
	EndGlobalSection
	GlobalSection(SolutionProperties) = preSolution
		HideSolutionNode = FALSE
	EndGlobalSection
EndGlobal
